
Microsoft Visual Studio Solution File, Format Version 12.00
# Visual Studio 14
VisualStudioVersion = 14.0.24720.0
MinimumVisualStudioVersion = 10.0.40219.1
Project("{FAE04EC0-301F-11D3-BF4B-00C04F79EFBC}") = "GitRemote.Droid", "GitRemote\GitRemote.Droid\GitRemote.Droid.csproj", "{D9E88B87-9AFD-4D14-A4BC-E11E6466AAE8}"
EndProject
Project("{FAE04EC0-301F-11D3-BF4B-00C04F79EFBC}") = "GitRemote.iOS", "GitRemote\GitRemote.iOS\GitRemote.iOS.csproj", "{B3E1DCB4-D589-489C-8B14-C6E6834265A2}"
EndProject
Project("{FAE04EC0-301F-11D3-BF4B-00C04F79EFBC}") = "GitRemote.WinPhone", "GitRemote\GitRemote.WinPhone\GitRemote.WinPhone.csproj", "{3C411C31-4B00-4D98-B3C0-D5CDF3857BF5}"
EndProject
Project("{FAE04EC0-301F-11D3-BF4B-00C04F79EFBC}") = "GitRemote.UWP", "GitRemote\GitRemote.UWP\GitRemote.UWP.csproj", "{848D93C9-BB7B-4EE2-BD1E-730531BAC260}"
EndProject
Project("{FAE04EC0-301F-11D3-BF4B-00C04F79EFBC}") = "GitRemote.Windows", "GitRemote\GitRemote.Windows\GitRemote.Windows.csproj", "{290D12CC-B370-4A45-8276-15711363582D}"
EndProject
Project("{FAE04EC0-301F-11D3-BF4B-00C04F79EFBC}") = "GitRemote", "GitRemote\GitRemote\GitRemote.csproj", "{2BA40A4E-1C81-43C0-8E7D-FCC552F72C4E}"
EndProject
Global
	GlobalSection(SolutionConfigurationPlatforms) = preSolution
		Ad-Hoc|Any CPU = Ad-Hoc|Any CPU
		Ad-Hoc|ARM = Ad-Hoc|ARM
		Ad-Hoc|iPhone = Ad-Hoc|iPhone
		Ad-Hoc|iPhoneSimulator = Ad-Hoc|iPhoneSimulator
		Ad-Hoc|x64 = Ad-Hoc|x64
		Ad-Hoc|x86 = Ad-Hoc|x86
		AppStore|Any CPU = AppStore|Any CPU
		AppStore|ARM = AppStore|ARM
		AppStore|iPhone = AppStore|iPhone
		AppStore|iPhoneSimulator = AppStore|iPhoneSimulator
		AppStore|x64 = AppStore|x64
		AppStore|x86 = AppStore|x86
		Debug|Any CPU = Debug|Any CPU
		Debug|ARM = Debug|ARM
		Debug|iPhone = Debug|iPhone
		Debug|iPhoneSimulator = Debug|iPhoneSimulator
		Debug|x64 = Debug|x64
		Debug|x86 = Debug|x86
		Release|Any CPU = Release|Any CPU
		Release|ARM = Release|ARM
		Release|iPhone = Release|iPhone
		Release|iPhoneSimulator = Release|iPhoneSimulator
		Release|x64 = Release|x64
		Release|x86 = Release|x86
	EndGlobalSection
	GlobalSection(ProjectConfigurationPlatforms) = postSolution
		{D9E88B87-9AFD-4D14-A4BC-E11E6466AAE8}.Ad-Hoc|Any CPU.ActiveCfg = Release|Any CPU
		{D9E88B87-9AFD-4D14-A4BC-E11E6466AAE8}.Ad-Hoc|Any CPU.Build.0 = Release|Any CPU
		{D9E88B87-9AFD-4D14-A4BC-E11E6466AAE8}.Ad-Hoc|Any CPU.Deploy.0 = Release|Any CPU
		{D9E88B87-9AFD-4D14-A4BC-E11E6466AAE8}.Ad-Hoc|ARM.ActiveCfg = Release|Any CPU
		{D9E88B87-9AFD-4D14-A4BC-E11E6466AAE8}.Ad-Hoc|ARM.Build.0 = Release|Any CPU
		{D9E88B87-9AFD-4D14-A4BC-E11E6466AAE8}.Ad-Hoc|ARM.Deploy.0 = Release|Any CPU
		{D9E88B87-9AFD-4D14-A4BC-E11E6466AAE8}.Ad-Hoc|iPhone.ActiveCfg = Release|Any CPU
		{D9E88B87-9AFD-4D14-A4BC-E11E6466AAE8}.Ad-Hoc|iPhone.Build.0 = Release|Any CPU
		{D9E88B87-9AFD-4D14-A4BC-E11E6466AAE8}.Ad-Hoc|iPhone.Deploy.0 = Release|Any CPU
		{D9E88B87-9AFD-4D14-A4BC-E11E6466AAE8}.Ad-Hoc|iPhoneSimulator.ActiveCfg = Release|Any CPU
		{D9E88B87-9AFD-4D14-A4BC-E11E6466AAE8}.Ad-Hoc|iPhoneSimulator.Build.0 = Release|Any CPU
		{D9E88B87-9AFD-4D14-A4BC-E11E6466AAE8}.Ad-Hoc|iPhoneSimulator.Deploy.0 = Release|Any CPU
		{D9E88B87-9AFD-4D14-A4BC-E11E6466AAE8}.Ad-Hoc|x64.ActiveCfg = Release|Any CPU
		{D9E88B87-9AFD-4D14-A4BC-E11E6466AAE8}.Ad-Hoc|x64.Build.0 = Release|Any CPU
		{D9E88B87-9AFD-4D14-A4BC-E11E6466AAE8}.Ad-Hoc|x64.Deploy.0 = Release|Any CPU
		{D9E88B87-9AFD-4D14-A4BC-E11E6466AAE8}.Ad-Hoc|x86.ActiveCfg = Release|Any CPU
		{D9E88B87-9AFD-4D14-A4BC-E11E6466AAE8}.Ad-Hoc|x86.Build.0 = Release|Any CPU
		{D9E88B87-9AFD-4D14-A4BC-E11E6466AAE8}.Ad-Hoc|x86.Deploy.0 = Release|Any CPU
		{D9E88B87-9AFD-4D14-A4BC-E11E6466AAE8}.AppStore|Any CPU.ActiveCfg = Release|Any CPU
		{D9E88B87-9AFD-4D14-A4BC-E11E6466AAE8}.AppStore|Any CPU.Build.0 = Release|Any CPU
		{D9E88B87-9AFD-4D14-A4BC-E11E6466AAE8}.AppStore|Any CPU.Deploy.0 = Release|Any CPU
		{D9E88B87-9AFD-4D14-A4BC-E11E6466AAE8}.AppStore|ARM.ActiveCfg = Release|Any CPU
		{D9E88B87-9AFD-4D14-A4BC-E11E6466AAE8}.AppStore|ARM.Build.0 = Release|Any CPU
		{D9E88B87-9AFD-4D14-A4BC-E11E6466AAE8}.AppStore|ARM.Deploy.0 = Release|Any CPU
		{D9E88B87-9AFD-4D14-A4BC-E11E6466AAE8}.AppStore|iPhone.ActiveCfg = Release|Any CPU
		{D9E88B87-9AFD-4D14-A4BC-E11E6466AAE8}.AppStore|iPhone.Build.0 = Release|Any CPU
		{D9E88B87-9AFD-4D14-A4BC-E11E6466AAE8}.AppStore|iPhone.Deploy.0 = Release|Any CPU
		{D9E88B87-9AFD-4D14-A4BC-E11E6466AAE8}.AppStore|iPhoneSimulator.ActiveCfg = Release|Any CPU
		{D9E88B87-9AFD-4D14-A4BC-E11E6466AAE8}.AppStore|iPhoneSimulator.Build.0 = Release|Any CPU
		{D9E88B87-9AFD-4D14-A4BC-E11E6466AAE8}.AppStore|iPhoneSimulator.Deploy.0 = Release|Any CPU
		{D9E88B87-9AFD-4D14-A4BC-E11E6466AAE8}.AppStore|x64.ActiveCfg = Release|Any CPU
		{D9E88B87-9AFD-4D14-A4BC-E11E6466AAE8}.AppStore|x64.Build.0 = Release|Any CPU
		{D9E88B87-9AFD-4D14-A4BC-E11E6466AAE8}.AppStore|x64.Deploy.0 = Release|Any CPU
		{D9E88B87-9AFD-4D14-A4BC-E11E6466AAE8}.AppStore|x86.ActiveCfg = Release|Any CPU
		{D9E88B87-9AFD-4D14-A4BC-E11E6466AAE8}.AppStore|x86.Build.0 = Release|Any CPU
		{D9E88B87-9AFD-4D14-A4BC-E11E6466AAE8}.AppStore|x86.Deploy.0 = Release|Any CPU
		{D9E88B87-9AFD-4D14-A4BC-E11E6466AAE8}.Debug|Any CPU.ActiveCfg = Debug|Any CPU
		{D9E88B87-9AFD-4D14-A4BC-E11E6466AAE8}.Debug|Any CPU.Build.0 = Debug|Any CPU
		{D9E88B87-9AFD-4D14-A4BC-E11E6466AAE8}.Debug|Any CPU.Deploy.0 = Debug|Any CPU
		{D9E88B87-9AFD-4D14-A4BC-E11E6466AAE8}.Debug|ARM.ActiveCfg = Debug|Any CPU
		{D9E88B87-9AFD-4D14-A4BC-E11E6466AAE8}.Debug|ARM.Build.0 = Debug|Any CPU
		{D9E88B87-9AFD-4D14-A4BC-E11E6466AAE8}.Debug|ARM.Deploy.0 = Debug|Any CPU
		{D9E88B87-9AFD-4D14-A4BC-E11E6466AAE8}.Debug|iPhone.ActiveCfg = Debug|Any CPU
		{D9E88B87-9AFD-4D14-A4BC-E11E6466AAE8}.Debug|iPhone.Build.0 = Debug|Any CPU
		{D9E88B87-9AFD-4D14-A4BC-E11E6466AAE8}.Debug|iPhone.Deploy.0 = Debug|Any CPU
		{D9E88B87-9AFD-4D14-A4BC-E11E6466AAE8}.Debug|iPhoneSimulator.ActiveCfg = Debug|Any CPU
		{D9E88B87-9AFD-4D14-A4BC-E11E6466AAE8}.Debug|iPhoneSimulator.Build.0 = Debug|Any CPU
		{D9E88B87-9AFD-4D14-A4BC-E11E6466AAE8}.Debug|iPhoneSimulator.Deploy.0 = Debug|Any CPU
		{D9E88B87-9AFD-4D14-A4BC-E11E6466AAE8}.Debug|x64.ActiveCfg = Debug|Any CPU
		{D9E88B87-9AFD-4D14-A4BC-E11E6466AAE8}.Debug|x64.Build.0 = Debug|Any CPU
		{D9E88B87-9AFD-4D14-A4BC-E11E6466AAE8}.Debug|x64.Deploy.0 = Debug|Any CPU
		{D9E88B87-9AFD-4D14-A4BC-E11E6466AAE8}.Debug|x86.ActiveCfg = Debug|Any CPU
		{D9E88B87-9AFD-4D14-A4BC-E11E6466AAE8}.Debug|x86.Build.0 = Debug|Any CPU
		{D9E88B87-9AFD-4D14-A4BC-E11E6466AAE8}.Debug|x86.Deploy.0 = Debug|Any CPU
		{D9E88B87-9AFD-4D14-A4BC-E11E6466AAE8}.Release|Any CPU.ActiveCfg = Release|Any CPU
		{D9E88B87-9AFD-4D14-A4BC-E11E6466AAE8}.Release|Any CPU.Build.0 = Release|Any CPU
		{D9E88B87-9AFD-4D14-A4BC-E11E6466AAE8}.Release|Any CPU.Deploy.0 = Release|Any CPU
		{D9E88B87-9AFD-4D14-A4BC-E11E6466AAE8}.Release|ARM.ActiveCfg = Release|Any CPU
		{D9E88B87-9AFD-4D14-A4BC-E11E6466AAE8}.Release|ARM.Build.0 = Release|Any CPU
		{D9E88B87-9AFD-4D14-A4BC-E11E6466AAE8}.Release|ARM.Deploy.0 = Release|Any CPU
		{D9E88B87-9AFD-4D14-A4BC-E11E6466AAE8}.Release|iPhone.ActiveCfg = Release|Any CPU
		{D9E88B87-9AFD-4D14-A4BC-E11E6466AAE8}.Release|iPhone.Build.0 = Release|Any CPU
		{D9E88B87-9AFD-4D14-A4BC-E11E6466AAE8}.Release|iPhone.Deploy.0 = Release|Any CPU
		{D9E88B87-9AFD-4D14-A4BC-E11E6466AAE8}.Release|iPhoneSimulator.ActiveCfg = Release|Any CPU
		{D9E88B87-9AFD-4D14-A4BC-E11E6466AAE8}.Release|iPhoneSimulator.Build.0 = Release|Any CPU
		{D9E88B87-9AFD-4D14-A4BC-E11E6466AAE8}.Release|iPhoneSimulator.Deploy.0 = Release|Any CPU
		{D9E88B87-9AFD-4D14-A4BC-E11E6466AAE8}.Release|x64.ActiveCfg = Release|Any CPU
		{D9E88B87-9AFD-4D14-A4BC-E11E6466AAE8}.Release|x64.Build.0 = Release|Any CPU
		{D9E88B87-9AFD-4D14-A4BC-E11E6466AAE8}.Release|x64.Deploy.0 = Release|Any CPU
		{D9E88B87-9AFD-4D14-A4BC-E11E6466AAE8}.Release|x86.ActiveCfg = Release|Any CPU
		{D9E88B87-9AFD-4D14-A4BC-E11E6466AAE8}.Release|x86.Build.0 = Release|Any CPU
		{D9E88B87-9AFD-4D14-A4BC-E11E6466AAE8}.Release|x86.Deploy.0 = Release|Any CPU
		{B3E1DCB4-D589-489C-8B14-C6E6834265A2}.Ad-Hoc|Any CPU.ActiveCfg = Ad-Hoc|iPhone
		{B3E1DCB4-D589-489C-8B14-C6E6834265A2}.Ad-Hoc|ARM.ActiveCfg = Ad-Hoc|iPhone
		{B3E1DCB4-D589-489C-8B14-C6E6834265A2}.Ad-Hoc|iPhone.ActiveCfg = Ad-Hoc|iPhone
		{B3E1DCB4-D589-489C-8B14-C6E6834265A2}.Ad-Hoc|iPhone.Build.0 = Ad-Hoc|iPhone
		{B3E1DCB4-D589-489C-8B14-C6E6834265A2}.Ad-Hoc|iPhoneSimulator.ActiveCfg = Ad-Hoc|iPhoneSimulator
		{B3E1DCB4-D589-489C-8B14-C6E6834265A2}.Ad-Hoc|iPhoneSimulator.Build.0 = Ad-Hoc|iPhoneSimulator
		{B3E1DCB4-D589-489C-8B14-C6E6834265A2}.Ad-Hoc|x64.ActiveCfg = Ad-Hoc|iPhone
		{B3E1DCB4-D589-489C-8B14-C6E6834265A2}.Ad-Hoc|x86.ActiveCfg = Ad-Hoc|iPhone
		{B3E1DCB4-D589-489C-8B14-C6E6834265A2}.AppStore|Any CPU.ActiveCfg = AppStore|iPhone
		{B3E1DCB4-D589-489C-8B14-C6E6834265A2}.AppStore|ARM.ActiveCfg = AppStore|iPhone
		{B3E1DCB4-D589-489C-8B14-C6E6834265A2}.AppStore|iPhone.ActiveCfg = AppStore|iPhone
		{B3E1DCB4-D589-489C-8B14-C6E6834265A2}.AppStore|iPhone.Build.0 = AppStore|iPhone
		{B3E1DCB4-D589-489C-8B14-C6E6834265A2}.AppStore|iPhoneSimulator.ActiveCfg = AppStore|iPhoneSimulator
		{B3E1DCB4-D589-489C-8B14-C6E6834265A2}.AppStore|iPhoneSimulator.Build.0 = AppStore|iPhoneSimulator
		{B3E1DCB4-D589-489C-8B14-C6E6834265A2}.AppStore|x64.ActiveCfg = AppStore|iPhone
		{B3E1DCB4-D589-489C-8B14-C6E6834265A2}.AppStore|x86.ActiveCfg = AppStore|iPhone
		{B3E1DCB4-D589-489C-8B14-C6E6834265A2}.Debug|Any CPU.ActiveCfg = Debug|iPhone
		{B3E1DCB4-D589-489C-8B14-C6E6834265A2}.Debug|ARM.ActiveCfg = Debug|iPhone
		{B3E1DCB4-D589-489C-8B14-C6E6834265A2}.Debug|iPhone.ActiveCfg = Debug|iPhone
		{B3E1DCB4-D589-489C-8B14-C6E6834265A2}.Debug|iPhone.Build.0 = Debug|iPhone
		{B3E1DCB4-D589-489C-8B14-C6E6834265A2}.Debug|iPhoneSimulator.ActiveCfg = Debug|iPhoneSimulator
		{B3E1DCB4-D589-489C-8B14-C6E6834265A2}.Debug|iPhoneSimulator.Build.0 = Debug|iPhoneSimulator
		{B3E1DCB4-D589-489C-8B14-C6E6834265A2}.Debug|x64.ActiveCfg = Debug|iPhone
		{B3E1DCB4-D589-489C-8B14-C6E6834265A2}.Debug|x86.ActiveCfg = Debug|iPhone
		{B3E1DCB4-D589-489C-8B14-C6E6834265A2}.Release|Any CPU.ActiveCfg = Release|iPhone
		{B3E1DCB4-D589-489C-8B14-C6E6834265A2}.Release|ARM.ActiveCfg = Release|iPhone
		{B3E1DCB4-D589-489C-8B14-C6E6834265A2}.Release|iPhone.ActiveCfg = Release|iPhone
		{B3E1DCB4-D589-489C-8B14-C6E6834265A2}.Release|iPhone.Build.0 = Release|iPhone
		{B3E1DCB4-D589-489C-8B14-C6E6834265A2}.Release|iPhoneSimulator.ActiveCfg = Release|iPhoneSimulator
		{B3E1DCB4-D589-489C-8B14-C6E6834265A2}.Release|iPhoneSimulator.Build.0 = Release|iPhoneSimulator
		{B3E1DCB4-D589-489C-8B14-C6E6834265A2}.Release|x64.ActiveCfg = Release|iPhone
		{B3E1DCB4-D589-489C-8B14-C6E6834265A2}.Release|x86.ActiveCfg = Release|iPhone
		{3C411C31-4B00-4D98-B3C0-D5CDF3857BF5}.Ad-Hoc|Any CPU.ActiveCfg = Release|Any CPU
		{3C411C31-4B00-4D98-B3C0-D5CDF3857BF5}.Ad-Hoc|Any CPU.Build.0 = Release|Any CPU
		{3C411C31-4B00-4D98-B3C0-D5CDF3857BF5}.Ad-Hoc|Any CPU.Deploy.0 = Release|Any CPU
		{3C411C31-4B00-4D98-B3C0-D5CDF3857BF5}.Ad-Hoc|ARM.ActiveCfg = Release|ARM
		{3C411C31-4B00-4D98-B3C0-D5CDF3857BF5}.Ad-Hoc|ARM.Build.0 = Release|ARM
		{3C411C31-4B00-4D98-B3C0-D5CDF3857BF5}.Ad-Hoc|ARM.Deploy.0 = Release|ARM
		{3C411C31-4B00-4D98-B3C0-D5CDF3857BF5}.Ad-Hoc|iPhone.ActiveCfg = Release|Any CPU
		{3C411C31-4B00-4D98-B3C0-D5CDF3857BF5}.Ad-Hoc|iPhone.Build.0 = Release|Any CPU
		{3C411C31-4B00-4D98-B3C0-D5CDF3857BF5}.Ad-Hoc|iPhone.Deploy.0 = Release|Any CPU
		{3C411C31-4B00-4D98-B3C0-D5CDF3857BF5}.Ad-Hoc|iPhoneSimulator.ActiveCfg = Release|Any CPU
		{3C411C31-4B00-4D98-B3C0-D5CDF3857BF5}.Ad-Hoc|iPhoneSimulator.Build.0 = Release|Any CPU
		{3C411C31-4B00-4D98-B3C0-D5CDF3857BF5}.Ad-Hoc|iPhoneSimulator.Deploy.0 = Release|Any CPU
		{3C411C31-4B00-4D98-B3C0-D5CDF3857BF5}.Ad-Hoc|x64.ActiveCfg = Release|Any CPU
		{3C411C31-4B00-4D98-B3C0-D5CDF3857BF5}.Ad-Hoc|x64.Build.0 = Release|Any CPU
		{3C411C31-4B00-4D98-B3C0-D5CDF3857BF5}.Ad-Hoc|x64.Deploy.0 = Release|Any CPU
		{3C411C31-4B00-4D98-B3C0-D5CDF3857BF5}.Ad-Hoc|x86.ActiveCfg = Release|x86
		{3C411C31-4B00-4D98-B3C0-D5CDF3857BF5}.Ad-Hoc|x86.Build.0 = Release|x86
		{3C411C31-4B00-4D98-B3C0-D5CDF3857BF5}.Ad-Hoc|x86.Deploy.0 = Release|x86
		{3C411C31-4B00-4D98-B3C0-D5CDF3857BF5}.AppStore|Any CPU.ActiveCfg = Release|Any CPU
		{3C411C31-4B00-4D98-B3C0-D5CDF3857BF5}.AppStore|Any CPU.Build.0 = Release|Any CPU
		{3C411C31-4B00-4D98-B3C0-D5CDF3857BF5}.AppStore|Any CPU.Deploy.0 = Release|Any CPU
		{3C411C31-4B00-4D98-B3C0-D5CDF3857BF5}.AppStore|ARM.ActiveCfg = Release|ARM
		{3C411C31-4B00-4D98-B3C0-D5CDF3857BF5}.AppStore|ARM.Build.0 = Release|ARM
		{3C411C31-4B00-4D98-B3C0-D5CDF3857BF5}.AppStore|ARM.Deploy.0 = Release|ARM
		{3C411C31-4B00-4D98-B3C0-D5CDF3857BF5}.AppStore|iPhone.ActiveCfg = Release|Any CPU
		{3C411C31-4B00-4D98-B3C0-D5CDF3857BF5}.AppStore|iPhone.Build.0 = Release|Any CPU
		{3C411C31-4B00-4D98-B3C0-D5CDF3857BF5}.AppStore|iPhone.Deploy.0 = Release|Any CPU
		{3C411C31-4B00-4D98-B3C0-D5CDF3857BF5}.AppStore|iPhoneSimulator.ActiveCfg = Release|Any CPU
		{3C411C31-4B00-4D98-B3C0-D5CDF3857BF5}.AppStore|iPhoneSimulator.Build.0 = Release|Any CPU
		{3C411C31-4B00-4D98-B3C0-D5CDF3857BF5}.AppStore|iPhoneSimulator.Deploy.0 = Release|Any CPU
		{3C411C31-4B00-4D98-B3C0-D5CDF3857BF5}.AppStore|x64.ActiveCfg = Release|Any CPU
		{3C411C31-4B00-4D98-B3C0-D5CDF3857BF5}.AppStore|x64.Build.0 = Release|Any CPU
		{3C411C31-4B00-4D98-B3C0-D5CDF3857BF5}.AppStore|x64.Deploy.0 = Release|Any CPU
		{3C411C31-4B00-4D98-B3C0-D5CDF3857BF5}.AppStore|x86.ActiveCfg = Release|x86
		{3C411C31-4B00-4D98-B3C0-D5CDF3857BF5}.AppStore|x86.Build.0 = Release|x86
		{3C411C31-4B00-4D98-B3C0-D5CDF3857BF5}.AppStore|x86.Deploy.0 = Release|x86
		{3C411C31-4B00-4D98-B3C0-D5CDF3857BF5}.Debug|Any CPU.ActiveCfg = Debug|Any CPU
		{3C411C31-4B00-4D98-B3C0-D5CDF3857BF5}.Debug|Any CPU.Build.0 = Debug|Any CPU
		{3C411C31-4B00-4D98-B3C0-D5CDF3857BF5}.Debug|Any CPU.Deploy.0 = Debug|Any CPU
		{3C411C31-4B00-4D98-B3C0-D5CDF3857BF5}.Debug|ARM.ActiveCfg = Debug|ARM
		{3C411C31-4B00-4D98-B3C0-D5CDF3857BF5}.Debug|ARM.Build.0 = Debug|ARM
		{3C411C31-4B00-4D98-B3C0-D5CDF3857BF5}.Debug|ARM.Deploy.0 = Debug|ARM
		{3C411C31-4B00-4D98-B3C0-D5CDF3857BF5}.Debug|iPhone.ActiveCfg = Debug|Any CPU
		{3C411C31-4B00-4D98-B3C0-D5CDF3857BF5}.Debug|iPhone.Build.0 = Debug|Any CPU
		{3C411C31-4B00-4D98-B3C0-D5CDF3857BF5}.Debug|iPhone.Deploy.0 = Debug|Any CPU
		{3C411C31-4B00-4D98-B3C0-D5CDF3857BF5}.Debug|iPhoneSimulator.ActiveCfg = Debug|Any CPU
		{3C411C31-4B00-4D98-B3C0-D5CDF3857BF5}.Debug|iPhoneSimulator.Build.0 = Debug|Any CPU
		{3C411C31-4B00-4D98-B3C0-D5CDF3857BF5}.Debug|iPhoneSimulator.Deploy.0 = Debug|Any CPU
		{3C411C31-4B00-4D98-B3C0-D5CDF3857BF5}.Debug|x64.ActiveCfg = Debug|Any CPU
		{3C411C31-4B00-4D98-B3C0-D5CDF3857BF5}.Debug|x64.Build.0 = Debug|Any CPU
		{3C411C31-4B00-4D98-B3C0-D5CDF3857BF5}.Debug|x64.Deploy.0 = Debug|Any CPU
		{3C411C31-4B00-4D98-B3C0-D5CDF3857BF5}.Debug|x86.ActiveCfg = Debug|x86
		{3C411C31-4B00-4D98-B3C0-D5CDF3857BF5}.Debug|x86.Build.0 = Debug|x86
		{3C411C31-4B00-4D98-B3C0-D5CDF3857BF5}.Debug|x86.Deploy.0 = Debug|x86
		{3C411C31-4B00-4D98-B3C0-D5CDF3857BF5}.Release|Any CPU.ActiveCfg = Release|Any CPU
		{3C411C31-4B00-4D98-B3C0-D5CDF3857BF5}.Release|Any CPU.Build.0 = Release|Any CPU
		{3C411C31-4B00-4D98-B3C0-D5CDF3857BF5}.Release|Any CPU.Deploy.0 = Release|Any CPU
		{3C411C31-4B00-4D98-B3C0-D5CDF3857BF5}.Release|ARM.ActiveCfg = Release|ARM
		{3C411C31-4B00-4D98-B3C0-D5CDF3857BF5}.Release|ARM.Build.0 = Release|ARM
		{3C411C31-4B00-4D98-B3C0-D5CDF3857BF5}.Release|ARM.Deploy.0 = Release|ARM
		{3C411C31-4B00-4D98-B3C0-D5CDF3857BF5}.Release|iPhone.ActiveCfg = Release|Any CPU
		{3C411C31-4B00-4D98-B3C0-D5CDF3857BF5}.Release|iPhone.Build.0 = Release|Any CPU
		{3C411C31-4B00-4D98-B3C0-D5CDF3857BF5}.Release|iPhone.Deploy.0 = Release|Any CPU
		{3C411C31-4B00-4D98-B3C0-D5CDF3857BF5}.Release|iPhoneSimulator.ActiveCfg = Release|Any CPU
		{3C411C31-4B00-4D98-B3C0-D5CDF3857BF5}.Release|iPhoneSimulator.Build.0 = Release|Any CPU
		{3C411C31-4B00-4D98-B3C0-D5CDF3857BF5}.Release|iPhoneSimulator.Deploy.0 = Release|Any CPU
		{3C411C31-4B00-4D98-B3C0-D5CDF3857BF5}.Release|x64.ActiveCfg = Release|Any CPU
		{3C411C31-4B00-4D98-B3C0-D5CDF3857BF5}.Release|x64.Build.0 = Release|Any CPU
		{3C411C31-4B00-4D98-B3C0-D5CDF3857BF5}.Release|x64.Deploy.0 = Release|Any CPU
		{3C411C31-4B00-4D98-B3C0-D5CDF3857BF5}.Release|x86.ActiveCfg = Release|x86
		{3C411C31-4B00-4D98-B3C0-D5CDF3857BF5}.Release|x86.Build.0 = Release|x86
		{3C411C31-4B00-4D98-B3C0-D5CDF3857BF5}.Release|x86.Deploy.0 = Release|x86
		{848D93C9-BB7B-4EE2-BD1E-730531BAC260}.Ad-Hoc|Any CPU.ActiveCfg = Release|x86
		{848D93C9-BB7B-4EE2-BD1E-730531BAC260}.Ad-Hoc|Any CPU.Build.0 = Release|x86
		{848D93C9-BB7B-4EE2-BD1E-730531BAC260}.Ad-Hoc|Any CPU.Deploy.0 = Release|x86
		{848D93C9-BB7B-4EE2-BD1E-730531BAC260}.Ad-Hoc|ARM.ActiveCfg = Release|ARM
		{848D93C9-BB7B-4EE2-BD1E-730531BAC260}.Ad-Hoc|ARM.Build.0 = Release|ARM
		{848D93C9-BB7B-4EE2-BD1E-730531BAC260}.Ad-Hoc|ARM.Deploy.0 = Release|ARM
		{848D93C9-BB7B-4EE2-BD1E-730531BAC260}.Ad-Hoc|iPhone.ActiveCfg = Release|x86
		{848D93C9-BB7B-4EE2-BD1E-730531BAC260}.Ad-Hoc|iPhone.Build.0 = Release|x86
		{848D93C9-BB7B-4EE2-BD1E-730531BAC260}.Ad-Hoc|iPhone.Deploy.0 = Release|x86
		{848D93C9-BB7B-4EE2-BD1E-730531BAC260}.Ad-Hoc|iPhoneSimulator.ActiveCfg = Release|x86
		{848D93C9-BB7B-4EE2-BD1E-730531BAC260}.Ad-Hoc|iPhoneSimulator.Build.0 = Release|x86
		{848D93C9-BB7B-4EE2-BD1E-730531BAC260}.Ad-Hoc|iPhoneSimulator.Deploy.0 = Release|x86
		{848D93C9-BB7B-4EE2-BD1E-730531BAC260}.Ad-Hoc|x64.ActiveCfg = Release|x64
		{848D93C9-BB7B-4EE2-BD1E-730531BAC260}.Ad-Hoc|x64.Build.0 = Release|x64
		{848D93C9-BB7B-4EE2-BD1E-730531BAC260}.Ad-Hoc|x64.Deploy.0 = Release|x64
		{848D93C9-BB7B-4EE2-BD1E-730531BAC260}.Ad-Hoc|x86.ActiveCfg = Release|x86
		{848D93C9-BB7B-4EE2-BD1E-730531BAC260}.Ad-Hoc|x86.Build.0 = Release|x86
		{848D93C9-BB7B-4EE2-BD1E-730531BAC260}.Ad-Hoc|x86.Deploy.0 = Release|x86
		{848D93C9-BB7B-4EE2-BD1E-730531BAC260}.AppStore|Any CPU.ActiveCfg = Release|x86
		{848D93C9-BB7B-4EE2-BD1E-730531BAC260}.AppStore|Any CPU.Build.0 = Release|x86
		{848D93C9-BB7B-4EE2-BD1E-730531BAC260}.AppStore|Any CPU.Deploy.0 = Release|x86
		{848D93C9-BB7B-4EE2-BD1E-730531BAC260}.AppStore|ARM.ActiveCfg = Release|ARM
		{848D93C9-BB7B-4EE2-BD1E-730531BAC260}.AppStore|ARM.Build.0 = Release|ARM
		{848D93C9-BB7B-4EE2-BD1E-730531BAC260}.AppStore|ARM.Deploy.0 = Release|ARM
		{848D93C9-BB7B-4EE2-BD1E-730531BAC260}.AppStore|iPhone.ActiveCfg = Release|x86
		{848D93C9-BB7B-4EE2-BD1E-730531BAC260}.AppStore|iPhone.Build.0 = Release|x86
		{848D93C9-BB7B-4EE2-BD1E-730531BAC260}.AppStore|iPhone.Deploy.0 = Release|x86
		{848D93C9-BB7B-4EE2-BD1E-730531BAC260}.AppStore|iPhoneSimulator.ActiveCfg = Release|x86
		{848D93C9-BB7B-4EE2-BD1E-730531BAC260}.AppStore|iPhoneSimulator.Build.0 = Release|x86
		{848D93C9-BB7B-4EE2-BD1E-730531BAC260}.AppStore|iPhoneSimulator.Deploy.0 = Release|x86
		{848D93C9-BB7B-4EE2-BD1E-730531BAC260}.AppStore|x64.ActiveCfg = Release|x64
		{848D93C9-BB7B-4EE2-BD1E-730531BAC260}.AppStore|x64.Build.0 = Release|x64
		{848D93C9-BB7B-4EE2-BD1E-730531BAC260}.AppStore|x64.Deploy.0 = Release|x64
		{848D93C9-BB7B-4EE2-BD1E-730531BAC260}.AppStore|x86.ActiveCfg = Release|x86
		{848D93C9-BB7B-4EE2-BD1E-730531BAC260}.AppStore|x86.Build.0 = Release|x86
		{848D93C9-BB7B-4EE2-BD1E-730531BAC260}.AppStore|x86.Deploy.0 = Release|x86
		{848D93C9-BB7B-4EE2-BD1E-730531BAC260}.Debug|Any CPU.ActiveCfg = Debug|x86
		{848D93C9-BB7B-4EE2-BD1E-730531BAC260}.Debug|ARM.ActiveCfg = Debug|ARM
		{848D93C9-BB7B-4EE2-BD1E-730531BAC260}.Debug|ARM.Build.0 = Debug|ARM
		{848D93C9-BB7B-4EE2-BD1E-730531BAC260}.Debug|ARM.Deploy.0 = Debug|ARM
		{848D93C9-BB7B-4EE2-BD1E-730531BAC260}.Debug|iPhone.ActiveCfg = Debug|x86
		{848D93C9-BB7B-4EE2-BD1E-730531BAC260}.Debug|iPhoneSimulator.ActiveCfg = Debug|x86
		{848D93C9-BB7B-4EE2-BD1E-730531BAC260}.Debug|x64.ActiveCfg = Debug|x64
		{848D93C9-BB7B-4EE2-BD1E-730531BAC260}.Debug|x64.Build.0 = Debug|x64
		{848D93C9-BB7B-4EE2-BD1E-730531BAC260}.Debug|x64.Deploy.0 = Debug|x64
		{848D93C9-BB7B-4EE2-BD1E-730531BAC260}.Debug|x86.ActiveCfg = Debug|x86
		{848D93C9-BB7B-4EE2-BD1E-730531BAC260}.Debug|x86.Build.0 = Debug|x86
		{848D93C9-BB7B-4EE2-BD1E-730531BAC260}.Debug|x86.Deploy.0 = Debug|x86
		{848D93C9-BB7B-4EE2-BD1E-730531BAC260}.Release|Any CPU.ActiveCfg = Release|x86
		{848D93C9-BB7B-4EE2-BD1E-730531BAC260}.Release|ARM.ActiveCfg = Release|ARM
		{848D93C9-BB7B-4EE2-BD1E-730531BAC260}.Release|ARM.Build.0 = Release|ARM
		{848D93C9-BB7B-4EE2-BD1E-730531BAC260}.Release|ARM.Deploy.0 = Release|ARM
		{848D93C9-BB7B-4EE2-BD1E-730531BAC260}.Release|iPhone.ActiveCfg = Release|x86
		{848D93C9-BB7B-4EE2-BD1E-730531BAC260}.Release|iPhoneSimulator.ActiveCfg = Release|x86
		{848D93C9-BB7B-4EE2-BD1E-730531BAC260}.Release|x64.ActiveCfg = Release|x64
		{848D93C9-BB7B-4EE2-BD1E-730531BAC260}.Release|x64.Build.0 = Release|x64
		{848D93C9-BB7B-4EE2-BD1E-730531BAC260}.Release|x64.Deploy.0 = Release|x64
		{848D93C9-BB7B-4EE2-BD1E-730531BAC260}.Release|x86.ActiveCfg = Release|x86
		{848D93C9-BB7B-4EE2-BD1E-730531BAC260}.Release|x86.Build.0 = Release|x86
		{848D93C9-BB7B-4EE2-BD1E-730531BAC260}.Release|x86.Deploy.0 = Release|x86
		{290D12CC-B370-4A45-8276-15711363582D}.Ad-Hoc|Any CPU.ActiveCfg = Release|Any CPU
		{290D12CC-B370-4A45-8276-15711363582D}.Ad-Hoc|Any CPU.Build.0 = Release|Any CPU
		{290D12CC-B370-4A45-8276-15711363582D}.Ad-Hoc|Any CPU.Deploy.0 = Release|Any CPU
		{290D12CC-B370-4A45-8276-15711363582D}.Ad-Hoc|ARM.ActiveCfg = Release|ARM
		{290D12CC-B370-4A45-8276-15711363582D}.Ad-Hoc|ARM.Build.0 = Release|ARM
		{290D12CC-B370-4A45-8276-15711363582D}.Ad-Hoc|ARM.Deploy.0 = Release|ARM
		{290D12CC-B370-4A45-8276-15711363582D}.Ad-Hoc|iPhone.ActiveCfg = Release|Any CPU
		{290D12CC-B370-4A45-8276-15711363582D}.Ad-Hoc|iPhone.Build.0 = Release|Any CPU
		{290D12CC-B370-4A45-8276-15711363582D}.Ad-Hoc|iPhone.Deploy.0 = Release|Any CPU
		{290D12CC-B370-4A45-8276-15711363582D}.Ad-Hoc|iPhoneSimulator.ActiveCfg = Release|Any CPU
		{290D12CC-B370-4A45-8276-15711363582D}.Ad-Hoc|iPhoneSimulator.Build.0 = Release|Any CPU
		{290D12CC-B370-4A45-8276-15711363582D}.Ad-Hoc|iPhoneSimulator.Deploy.0 = Release|Any CPU
		{290D12CC-B370-4A45-8276-15711363582D}.Ad-Hoc|x64.ActiveCfg = Release|x64
		{290D12CC-B370-4A45-8276-15711363582D}.Ad-Hoc|x64.Build.0 = Release|x64
		{290D12CC-B370-4A45-8276-15711363582D}.Ad-Hoc|x64.Deploy.0 = Release|x64
		{290D12CC-B370-4A45-8276-15711363582D}.Ad-Hoc|x86.ActiveCfg = Release|x86
		{290D12CC-B370-4A45-8276-15711363582D}.Ad-Hoc|x86.Build.0 = Release|x86
		{290D12CC-B370-4A45-8276-15711363582D}.Ad-Hoc|x86.Deploy.0 = Release|x86
		{290D12CC-B370-4A45-8276-15711363582D}.AppStore|Any CPU.ActiveCfg = Release|Any CPU
		{290D12CC-B370-4A45-8276-15711363582D}.AppStore|Any CPU.Build.0 = Release|Any CPU
		{290D12CC-B370-4A45-8276-15711363582D}.AppStore|Any CPU.Deploy.0 = Release|Any CPU
		{290D12CC-B370-4A45-8276-15711363582D}.AppStore|ARM.ActiveCfg = Release|ARM
		{290D12CC-B370-4A45-8276-15711363582D}.AppStore|ARM.Build.0 = Release|ARM
		{290D12CC-B370-4A45-8276-15711363582D}.AppStore|ARM.Deploy.0 = Release|ARM
		{290D12CC-B370-4A45-8276-15711363582D}.AppStore|iPhone.ActiveCfg = Release|Any CPU
		{290D12CC-B370-4A45-8276-15711363582D}.AppStore|iPhone.Build.0 = Release|Any CPU
		{290D12CC-B370-4A45-8276-15711363582D}.AppStore|iPhone.Deploy.0 = Release|Any CPU
		{290D12CC-B370-4A45-8276-15711363582D}.AppStore|iPhoneSimulator.ActiveCfg = Release|Any CPU
		{290D12CC-B370-4A45-8276-15711363582D}.AppStore|iPhoneSimulator.Build.0 = Release|Any CPU
		{290D12CC-B370-4A45-8276-15711363582D}.AppStore|iPhoneSimulator.Deploy.0 = Release|Any CPU
		{290D12CC-B370-4A45-8276-15711363582D}.AppStore|x64.ActiveCfg = Release|x64
		{290D12CC-B370-4A45-8276-15711363582D}.AppStore|x64.Build.0 = Release|x64
		{290D12CC-B370-4A45-8276-15711363582D}.AppStore|x64.Deploy.0 = Release|x64
		{290D12CC-B370-4A45-8276-15711363582D}.AppStore|x86.ActiveCfg = Release|x86
		{290D12CC-B370-4A45-8276-15711363582D}.AppStore|x86.Build.0 = Release|x86
		{290D12CC-B370-4A45-8276-15711363582D}.AppStore|x86.Deploy.0 = Release|x86
		{290D12CC-B370-4A45-8276-15711363582D}.Debug|Any CPU.ActiveCfg = Debug|Any CPU
		{290D12CC-B370-4A45-8276-15711363582D}.Debug|Any CPU.Build.0 = Debug|Any CPU
		{290D12CC-B370-4A45-8276-15711363582D}.Debug|Any CPU.Deploy.0 = Debug|Any CPU
		{290D12CC-B370-4A45-8276-15711363582D}.Debug|ARM.ActiveCfg = Debug|ARM
		{290D12CC-B370-4A45-8276-15711363582D}.Debug|ARM.Build.0 = Debug|ARM
		{290D12CC-B370-4A45-8276-15711363582D}.Debug|ARM.Deploy.0 = Debug|ARM
		{290D12CC-B370-4A45-8276-15711363582D}.Debug|iPhone.ActiveCfg = Debug|Any CPU
		{290D12CC-B370-4A45-8276-15711363582D}.Debug|iPhone.Build.0 = Debug|Any CPU
		{290D12CC-B370-4A45-8276-15711363582D}.Debug|iPhone.Deploy.0 = Debug|Any CPU
		{290D12CC-B370-4A45-8276-15711363582D}.Debug|iPhoneSimulator.ActiveCfg = Debug|Any CPU
		{290D12CC-B370-4A45-8276-15711363582D}.Debug|iPhoneSimulator.Build.0 = Debug|Any CPU
		{290D12CC-B370-4A45-8276-15711363582D}.Debug|iPhoneSimulator.Deploy.0 = Debug|Any CPU
		{290D12CC-B370-4A45-8276-15711363582D}.Debug|x64.ActiveCfg = Debug|x64
		{290D12CC-B370-4A45-8276-15711363582D}.Debug|x64.Build.0 = Debug|x64
		{290D12CC-B370-4A45-8276-15711363582D}.Debug|x64.Deploy.0 = Debug|x64
		{290D12CC-B370-4A45-8276-15711363582D}.Debug|x86.ActiveCfg = Debug|x86
		{290D12CC-B370-4A45-8276-15711363582D}.Debug|x86.Build.0 = Debug|x86
		{290D12CC-B370-4A45-8276-15711363582D}.Debug|x86.Deploy.0 = Debug|x86
		{290D12CC-B370-4A45-8276-15711363582D}.Release|Any CPU.ActiveCfg = Release|Any CPU
		{290D12CC-B370-4A45-8276-15711363582D}.Release|Any CPU.Build.0 = Release|Any CPU
		{290D12CC-B370-4A45-8276-15711363582D}.Release|Any CPU.Deploy.0 = Release|Any CPU
		{290D12CC-B370-4A45-8276-15711363582D}.Release|ARM.ActiveCfg = Release|ARM
		{290D12CC-B370-4A45-8276-15711363582D}.Release|ARM.Build.0 = Release|ARM
		{290D12CC-B370-4A45-8276-15711363582D}.Release|ARM.Deploy.0 = Release|ARM
		{290D12CC-B370-4A45-8276-15711363582D}.Release|iPhone.ActiveCfg = Release|Any CPU
		{290D12CC-B370-4A45-8276-15711363582D}.Release|iPhone.Build.0 = Release|Any CPU
		{290D12CC-B370-4A45-8276-15711363582D}.Release|iPhone.Deploy.0 = Release|Any CPU
		{290D12CC-B370-4A45-8276-15711363582D}.Release|iPhoneSimulator.ActiveCfg = Release|Any CPU
		{290D12CC-B370-4A45-8276-15711363582D}.Release|iPhoneSimulator.Build.0 = Release|Any CPU
		{290D12CC-B370-4A45-8276-15711363582D}.Release|iPhoneSimulator.Deploy.0 = Release|Any CPU
		{290D12CC-B370-4A45-8276-15711363582D}.Release|x64.ActiveCfg = Release|x64
		{290D12CC-B370-4A45-8276-15711363582D}.Release|x64.Build.0 = Release|x64
		{290D12CC-B370-4A45-8276-15711363582D}.Release|x64.Deploy.0 = Release|x64
		{290D12CC-B370-4A45-8276-15711363582D}.Release|x86.ActiveCfg = Release|x86
		{290D12CC-B370-4A45-8276-15711363582D}.Release|x86.Build.0 = Release|x86
		{290D12CC-B370-4A45-8276-15711363582D}.Release|x86.Deploy.0 = Release|x86
		{2BA40A4E-1C81-43C0-8E7D-FCC552F72C4E}.Ad-Hoc|Any CPU.ActiveCfg = Release|Any CPU
		{2BA40A4E-1C81-43C0-8E7D-FCC552F72C4E}.Ad-Hoc|Any CPU.Build.0 = Release|Any CPU
		{2BA40A4E-1C81-43C0-8E7D-FCC552F72C4E}.Ad-Hoc|ARM.ActiveCfg = Release|Any CPU
		{2BA40A4E-1C81-43C0-8E7D-FCC552F72C4E}.Ad-Hoc|ARM.Build.0 = Release|Any CPU
		{2BA40A4E-1C81-43C0-8E7D-FCC552F72C4E}.Ad-Hoc|iPhone.ActiveCfg = Release|Any CPU
		{2BA40A4E-1C81-43C0-8E7D-FCC552F72C4E}.Ad-Hoc|iPhone.Build.0 = Release|Any CPU
		{2BA40A4E-1C81-43C0-8E7D-FCC552F72C4E}.Ad-Hoc|iPhoneSimulator.ActiveCfg = Release|Any CPU
		{2BA40A4E-1C81-43C0-8E7D-FCC552F72C4E}.Ad-Hoc|iPhoneSimulator.Build.0 = Release|Any CPU
		{2BA40A4E-1C81-43C0-8E7D-FCC552F72C4E}.Ad-Hoc|x64.ActiveCfg = Release|Any CPU
		{2BA40A4E-1C81-43C0-8E7D-FCC552F72C4E}.Ad-Hoc|x64.Build.0 = Release|Any CPU
		{2BA40A4E-1C81-43C0-8E7D-FCC552F72C4E}.Ad-Hoc|x86.ActiveCfg = Release|Any CPU
		{2BA40A4E-1C81-43C0-8E7D-FCC552F72C4E}.Ad-Hoc|x86.Build.0 = Release|Any CPU
		{2BA40A4E-1C81-43C0-8E7D-FCC552F72C4E}.AppStore|Any CPU.ActiveCfg = Release|Any CPU
		{2BA40A4E-1C81-43C0-8E7D-FCC552F72C4E}.AppStore|Any CPU.Build.0 = Release|Any CPU
		{2BA40A4E-1C81-43C0-8E7D-FCC552F72C4E}.AppStore|ARM.ActiveCfg = Release|Any CPU
		{2BA40A4E-1C81-43C0-8E7D-FCC552F72C4E}.AppStore|ARM.Build.0 = Release|Any CPU
		{2BA40A4E-1C81-43C0-8E7D-FCC552F72C4E}.AppStore|iPhone.ActiveCfg = Release|Any CPU
		{2BA40A4E-1C81-43C0-8E7D-FCC552F72C4E}.AppStore|iPhone.Build.0 = Release|Any CPU
		{2BA40A4E-1C81-43C0-8E7D-FCC552F72C4E}.AppStore|iPhoneSimulator.ActiveCfg = Release|Any CPU
		{2BA40A4E-1C81-43C0-8E7D-FCC552F72C4E}.AppStore|iPhoneSimulator.Build.0 = Release|Any CPU
		{2BA40A4E-1C81-43C0-8E7D-FCC552F72C4E}.AppStore|x64.ActiveCfg = Release|Any CPU
		{2BA40A4E-1C81-43C0-8E7D-FCC552F72C4E}.AppStore|x64.Build.0 = Release|Any CPU
		{2BA40A4E-1C81-43C0-8E7D-FCC552F72C4E}.AppStore|x86.ActiveCfg = Release|Any CPU
		{2BA40A4E-1C81-43C0-8E7D-FCC552F72C4E}.AppStore|x86.Build.0 = Release|Any CPU
		{2BA40A4E-1C81-43C0-8E7D-FCC552F72C4E}.Debug|Any CPU.ActiveCfg = Debug|Any CPU
		{2BA40A4E-1C81-43C0-8E7D-FCC552F72C4E}.Debug|Any CPU.Build.0 = Debug|Any CPU
		{2BA40A4E-1C81-43C0-8E7D-FCC552F72C4E}.Debug|ARM.ActiveCfg = Debug|Any CPU
		{2BA40A4E-1C81-43C0-8E7D-FCC552F72C4E}.Debug|ARM.Build.0 = Debug|Any CPU
		{2BA40A4E-1C81-43C0-8E7D-FCC552F72C4E}.Debug|iPhone.ActiveCfg = Debug|Any CPU
		{2BA40A4E-1C81-43C0-8E7D-FCC552F72C4E}.Debug|iPhone.Build.0 = Debug|Any CPU
		{2BA40A4E-1C81-43C0-8E7D-FCC552F72C4E}.Debug|iPhoneSimulator.ActiveCfg = Debug|Any CPU
		{2BA40A4E-1C81-43C0-8E7D-FCC552F72C4E}.Debug|iPhoneSimulator.Build.0 = Debug|Any CPU
		{2BA40A4E-1C81-43C0-8E7D-FCC552F72C4E}.Debug|x64.ActiveCfg = Debug|Any CPU
		{2BA40A4E-1C81-43C0-8E7D-FCC552F72C4E}.Debug|x64.Build.0 = Debug|Any CPU
		{2BA40A4E-1C81-43C0-8E7D-FCC552F72C4E}.Debug|x86.ActiveCfg = Debug|Any CPU
		{2BA40A4E-1C81-43C0-8E7D-FCC552F72C4E}.Debug|x86.Build.0 = Debug|Any CPU
		{2BA40A4E-1C81-43C0-8E7D-FCC552F72C4E}.Release|Any CPU.ActiveCfg = Release|Any CPU
		{2BA40A4E-1C81-43C0-8E7D-FCC552F72C4E}.Release|Any CPU.Build.0 = Release|Any CPU
		{2BA40A4E-1C81-43C0-8E7D-FCC552F72C4E}.Release|ARM.ActiveCfg = Release|Any CPU
		{2BA40A4E-1C81-43C0-8E7D-FCC552F72C4E}.Release|ARM.Build.0 = Release|Any CPU
		{2BA40A4E-1C81-43C0-8E7D-FCC552F72C4E}.Release|iPhone.ActiveCfg = Release|Any CPU
		{2BA40A4E-1C81-43C0-8E7D-FCC552F72C4E}.Release|iPhone.Build.0 = Release|Any CPU
		{2BA40A4E-1C81-43C0-8E7D-FCC552F72C4E}.Release|iPhoneSimulator.ActiveCfg = Release|Any CPU
		{2BA40A4E-1C81-43C0-8E7D-FCC552F72C4E}.Release|iPhoneSimulator.Build.0 = Release|Any CPU
		{2BA40A4E-1C81-43C0-8E7D-FCC552F72C4E}.Release|x64.ActiveCfg = Release|Any CPU
		{2BA40A4E-1C81-43C0-8E7D-FCC552F72C4E}.Release|x64.Build.0 = Release|Any CPU
		{2BA40A4E-1C81-43C0-8E7D-FCC552F72C4E}.Release|x86.ActiveCfg = Release|Any CPU
		{2BA40A4E-1C81-43C0-8E7D-FCC552F72C4E}.Release|x86.Build.0 = Release|Any CPU
	EndGlobalSection
	GlobalSection(SolutionProperties) = preSolution
		HideSolutionNode = FALSE
	EndGlobalSection
EndGlobal
